
Microsoft Visual Studio Solution File, Format Version 11.00
# Visual Studio 2010
Project("{FAE04EC0-301F-11D3-BF4B-00C04F79EFBC}") = "Deadline", "Deadline\Deadline.csproj", "{F225D805-A418-4879-87C6-C1EEE328DB88}"
EndProject
Global
	GlobalSection(SolutionConfigurationPlatforms) = preSolution
		Debug|x86 = Debug|x86
		Release|x86 = Release|x86
	EndGlobalSection
	GlobalSection(ProjectConfigurationPlatforms) = postSolution
		{F225D805-A418-4879-87C6-C1EEE328DB88}.Debug|x86.ActiveCfg = Debug|x86
		{F225D805-A418-4879-87C6-C1EEE328DB88}.Debug|x86.Build.0 = Debug|x86
		{F225D805-A418-4879-87C6-C1EEE328DB88}.Release|x86.ActiveCfg = Release|x86
		{F225D805-A418-4879-87C6-C1EEE328DB88}.Release|x86.Build.0 = Release|x86
	EndGlobalSection
	GlobalSection(MonoDevelopProperties) = preSolution
		StartupItem = Deadline\Deadline.csproj
	EndGlobalSection
EndGlobal
